
Microsoft Visual Studio Solution File, Format Version 12.00
# Visual Studio Version 17
VisualStudioVersion = 17.14.36221.1 d17.14
MinimumVisualStudioVersion = 10.0.40219.1
Project("{FAE04EC0-301F-11D3-BF4B-00C04F79EFBC}") = "BikeRental.StationService", "BikeRental.StationService.csproj", "{82072C75-247A-4850-B400-D446F3F338D6}"
EndProject
Global
	GlobalSection(SolutionConfigurationPlatforms) = preSolution
		Debug|Any CPU = Debug|Any CPU
		Release|Any CPU = Release|Any CPU
	EndGlobalSection
	GlobalSection(ProjectConfigurationPlatforms) = postSolution
		{82072C75-247A-4850-B400-D446F3F338D6}.Debug|Any CPU.ActiveCfg = Debug|Any CPU
		{82072C75-247A-4850-B400-D446F3F338D6}.Debug|Any CPU.Build.0 = Debug|Any CPU
		{82072C75-247A-4850-B400-D446F3F338D6}.Release|Any CPU.ActiveCfg = Release|Any CPU
		{82072C75-247A-4850-B400-D446F3F338D6}.Release|Any CPU.Build.0 = Release|Any CPU
	EndGlobalSection
	GlobalSection(SolutionProperties) = preSolution
		HideSolutionNode = FALSE
	EndGlobalSection
	GlobalSection(ExtensibilityGlobals) = postSolution
		SolutionGuid = {6C050BA5-3965-4AF6-A876-E1701EF60150}
	EndGlobalSection
EndGlobal
